{
  "version": 4,
  "terraform_version": "1.9.7",
  "serial": 27,
  "lineage": "5b4f5159-c15e-b6d4-809d-cf2f60e8f431",
  "outputs": {},
  "resources": [
    {
      "mode": "managed",
      "type": "local_file",
      "name": "exae",
      "provider": "provider[\"registry.terraform.io/hashicorp/local\"]",
      "instances": [
        {
          "schema_version": 0,
          "attributes": {
            "content": "Hi, there! \nMy favorite pet is crucial, polliwog",
            "content_base64": null,
            "content_base64sha256": "HSNAV5T1yTkDS9JIAyOmtTTHs6hlSNpFwFlz2OGnAbQ=",
            "content_base64sha512": "rJdAyZaV7dTYlB6UQNRDeSVY3GMtJ75PpKnN5Zx45uZgiyjkIcVcguWbG9KzzqK+Y8Mbs7lkydDLDYruxAoNJg==",
            "content_md5": "5d07c43eeea87c3d9b9e72f4aab03482",
            "content_sha1": "e783eb1c02b2fddfffc1f08cc412cca6d05fb239",
            "content_sha256": "1d23405794f5c939034bd2480323a6b534c7b3a86548da45c05973d8e1a701b4",
            "content_sha512": "ac9740c99695edd4d8941e9440d443792558dc632d27be4fa4a9cde59c78e6e6608b28e421c55c82e59b1bd2b3cea2be63c31bb3b964c9d0cb0d8aeec40a0d26",
            "directory_permission": "0777",
            "file_permission": "700",
            "filename": "pets.txt",
            "id": "e783eb1c02b2fddfffc1f08cc412cca6d05fb239",
            "sensitive_content": null,
            "source": null
          },
          "sensitive_attributes": [
            [
              {
                "type": "get_attr",
                "value": "sensitive_content"
              }
            ]
          ],
          "dependencies": [
            "random_pet.pet_name"
          ]
        }
      ]
    },
    {
      "mode": "managed",
      "type": "random_pet",
      "name": "pet_name",
      "provider": "provider[\"registry.terraform.io/hashicorp/random\"]",
      "instances": [
        {
          "schema_version": 0,
          "attributes": {
            "id": "crucial, polliwog",
            "keepers": null,
            "length": 2,
            "prefix": null,
            "separator": ", "
          },
          "sensitive_attributes": []
        }
      ]
    }
  ],
  "check_results": null
}
