{
  "version": 4,
  "terraform_version": "1.11.4",
  "serial": 14,
  "lineage": "418b1d11-6559-e7a0-3bf8-3378c8ddfb9d",
  "outputs": {
    "instance_ips": {
      "value": [
        "35.198.245.127",
        "34.87.104.39"
      ],
      "type": [
        "tuple",
        [
          "string",
          "string"
        ]
      ]
    }
  },
  "resources": [
    {
      "mode": "managed",
      "type": "google_compute_firewall",
      "name": "allowed-prts",
      "provider": "provider[\"registry.terraform.io/hashicorp/google\"]",
      "instances": [
        {
          "schema_version": 1,
          "attributes": {
            "allow": [
              {
                "ports": [
                  "22",
                  "80",
                  "443"
                ],
                "protocol": "tcp"
              }
            ],
            "creation_timestamp": "2025-05-15T12:51:52.996-07:00",
            "deny": [],
            "description": "Allowed ports 22 80 443 from anywhere",
            "destination_ranges": [],
            "direction": "INGRESS",
            "disabled": false,
            "enable_logging": null,
            "id": "projects/root-fort-451407-c0/global/firewalls/iac-firewall-rules",
            "log_config": [],
            "name": "iac-firewall-rules",
            "network": "https://www.googleapis.com/compute/v1/projects/root-fort-451407-c0/global/networks/vpc-iac",
            "priority": 1000,
            "project": "root-fort-451407-c0",
            "self_link": "https://www.googleapis.com/compute/v1/projects/root-fort-451407-c0/global/firewalls/iac-firewall-rules",
            "source_ranges": [
              "0.0.0.0/0"
            ],
            "source_service_accounts": null,
            "source_tags": null,
            "target_service_accounts": null,
            "target_tags": [
              "jenkins"
            ],
            "timeouts": null
          },
          "sensitive_attributes": [],
          "private": "eyJlMmJmYjczMC1lY2FhLTExZTYtOGY4OC0zNDM2M2JjN2M0YzAiOnsiY3JlYXRlIjoxMjAwMDAwMDAwMDAwLCJkZWxldGUiOjEyMDAwMDAwMDAwMDAsInVwZGF0ZSI6MTIwMDAwMDAwMDAwMH0sInNjaGVtYV92ZXJzaW9uIjoiMSJ9",
          "dependencies": [
            "google_compute_network.vpc-iac"
          ]
        }
      ]
    },
    {
      "mode": "managed",
      "type": "google_compute_instance",
      "name": "cicd-instance",
      "provider": "provider[\"registry.terraform.io/hashicorp/google\"]",
      "instances": [
        {
          "index_key": 0,
          "schema_version": 6,
          "attributes": {
            "advanced_machine_features": [],
            "allow_stopping_for_update": null,
            "attached_disk": [],
            "boot_disk": [
              {
                "auto_delete": true,
                "device_name": "persistent-disk-0",
                "disk_encryption_key_raw": "",
                "disk_encryption_key_rsa": "",
                "disk_encryption_key_sha256": "",
                "disk_encryption_service_account": "",
                "guest_os_features": [
                  "VIRTIO_SCSI_MULTIQUEUE",
                  "SEV_CAPABLE",
                  "SEV_SNP_CAPABLE",
                  "SEV_LIVE_MIGRATABLE",
                  "SEV_LIVE_MIGRATABLE_V2",
                  "IDPF",
                  "UEFI_COMPATIBLE",
                  "GVNIC"
                ],
                "initialize_params": [
                  {
                    "architecture": "X86_64",
                    "enable_confidential_compute": false,
                    "image": "https://www.googleapis.com/compute/v1/projects/ubuntu-os-cloud/global/images/ubuntu-2004-focal-v20250508a",
                    "labels": {},
                    "provisioned_iops": 0,
                    "provisioned_throughput": 0,
                    "resource_manager_tags": {},
                    "resource_policies": [],
                    "size": 10,
                    "snapshot": "",
                    "source_image_encryption_key": [],
                    "source_snapshot_encryption_key": [],
                    "storage_pool": "",
                    "type": "pd-standard"
                  }
                ],
                "interface": "",
                "kms_key_self_link": "",
                "mode": "READ_WRITE",
                "source": "https://www.googleapis.com/compute/v1/projects/root-fort-451407-c0/zones/asia-southeast1-a/disks/cicd-instance-1"
              }
            ],
            "can_ip_forward": false,
            "confidential_instance_config": [],
            "cpu_platform": "Intel Broadwell",
            "creation_timestamp": "2025-05-15T12:28:08.818-07:00",
            "current_status": "RUNNING",
            "deletion_protection": false,
            "description": "",
            "desired_status": null,
            "effective_labels": {
              "goog-terraform-provisioned": "true"
            },
            "enable_display": false,
            "guest_accelerator": [],
            "hostname": "",
            "id": "projects/root-fort-451407-c0/zones/asia-southeast1-a/instances/cicd-instance-1",
            "instance_encryption_key": [],
            "instance_id": "8054078283186962087",
            "key_revocation_action_type": "",
            "label_fingerprint": "vezUS-42LLM=",
            "labels": {},
            "machine_type": "e2-medium",
            "metadata": {
              "ssh_key": "terrform:ssh-rsa AAAAB3NzaC1yc2EAAAADAQABAAABgQDBShfjJhjUxmE02Fb87bR7srrPdDxidu5W5Rb4nZrisul8kUqo5DVqst9KYJpZQSTVYdiFFYfwusIPEej0M06NiJhKsVf/8AlmdN6koqgVYcd9e+t3rEsHYWph5C6AEWIZqUx8CIIAuM1u+IPmiWCOiVCb30kTQoXXyVAauNU6+wtMseMjQ0hER9EYaweocUGzzOLEuvlArYgdrYhVgIYfFyhFv3+jnVOIu6ek8mU0RaVf9v3NaXZjrOMXHvHXQI0su1O+imvCVE8q9qxpzEO8BfJIc4jp5IUKojhIyCtb8YrlFkEp7CXQK+W8C6FewZVgYJX3sQqmoZFIMWrtoiZ7HtH4sLbflU+s6v0t428Us9tVawBihotGba+ctvch4i6n9yLTz82Cuktl8YCCWABh0fK22q5RiHSAQ/HxPLC6CJOisH3s/fwJoIgWPloYHz4OZieYZx8yY/SL/Mj5VFt2axFzILYuQ9dX60xzwmvYgnqLgkuNg7FbGKmcwWMtEMs= imshakil@Mobaraks-MacBook-Pro.local\n"
            },
            "metadata_fingerprint": "sYT-NmXjges=",
            "metadata_startup_script": null,
            "min_cpu_platform": "",
            "name": "cicd-instance-1",
            "network_interface": [
              {
                "access_config": [
                  {
                    "nat_ip": "35.198.245.127",
                    "network_tier": "PREMIUM",
                    "public_ptr_domain_name": ""
                  }
                ],
                "alias_ip_range": [],
                "internal_ipv6_prefix_length": 0,
                "ipv6_access_config": [],
                "ipv6_access_type": "",
                "ipv6_address": "",
                "name": "nic0",
                "network": "https://www.googleapis.com/compute/v1/projects/root-fort-451407-c0/global/networks/vpc-iac",
                "network_attachment": "",
                "network_ip": "10.10.0.2",
                "nic_type": "",
                "queue_count": 0,
                "stack_type": "IPV4_ONLY",
                "subnetwork": "https://www.googleapis.com/compute/v1/projects/root-fort-451407-c0/regions/asia-southeast1/subnetworks/vpc-iac-subnet",
                "subnetwork_project": "root-fort-451407-c0"
              }
            ],
            "network_performance_config": [],
            "params": [],
            "project": "root-fort-451407-c0",
            "reservation_affinity": [],
            "resource_policies": [],
            "scheduling": [
              {
                "automatic_restart": true,
                "availability_domain": 0,
                "instance_termination_action": "",
                "local_ssd_recovery_timeout": [],
                "max_run_duration": [],
                "min_node_cpus": 0,
                "node_affinities": [],
                "on_host_maintenance": "MIGRATE",
                "on_instance_stop_action": [],
                "preemptible": false,
                "provisioning_model": "STANDARD",
                "termination_time": ""
              }
            ],
            "scratch_disk": [],
            "self_link": "https://www.googleapis.com/compute/v1/projects/root-fort-451407-c0/zones/asia-southeast1-a/instances/cicd-instance-1",
            "service_account": [],
            "shielded_instance_config": [
              {
                "enable_integrity_monitoring": true,
                "enable_secure_boot": false,
                "enable_vtpm": true
              }
            ],
            "tags": [
              "jenkins"
            ],
            "tags_fingerprint": "4l7--0t2PzY=",
            "terraform_labels": {
              "goog-terraform-provisioned": "true"
            },
            "timeouts": null,
            "zone": "asia-southeast1-a"
          },
          "sensitive_attributes": [
            [
              {
                "type": "get_attr",
                "value": "boot_disk"
              },
              {
                "type": "index",
                "value": {
                  "value": 0,
                  "type": "number"
                }
              },
              {
                "type": "get_attr",
                "value": "disk_encryption_key_raw"
              }
            ],
            [
              {
                "type": "get_attr",
                "value": "boot_disk"
              },
              {
                "type": "index",
                "value": {
                  "value": 0,
                  "type": "number"
                }
              },
              {
                "type": "get_attr",
                "value": "disk_encryption_key_rsa"
              }
            ]
          ],
          "private": "eyJlMmJmYjczMC1lY2FhLTExZTYtOGY4OC0zNDM2M2JjN2M0YzAiOnsiY3JlYXRlIjoxMjAwMDAwMDAwMDAwLCJkZWxldGUiOjEyMDAwMDAwMDAwMDAsInVwZGF0ZSI6MTIwMDAwMDAwMDAwMH0sInNjaGVtYV92ZXJzaW9uIjoiNiJ9",
          "dependencies": [
            "google_compute_network.vpc-iac",
            "google_compute_subnetwork.vpc-iac-subnet"
          ]
        },
        {
          "index_key": 1,
          "schema_version": 6,
          "attributes": {
            "advanced_machine_features": [],
            "allow_stopping_for_update": null,
            "attached_disk": [],
            "boot_disk": [
              {
                "auto_delete": true,
                "device_name": "persistent-disk-0",
                "disk_encryption_key_raw": "",
                "disk_encryption_key_rsa": "",
                "disk_encryption_key_sha256": "",
                "disk_encryption_service_account": "",
                "guest_os_features": [
                  "VIRTIO_SCSI_MULTIQUEUE",
                  "SEV_CAPABLE",
                  "SEV_SNP_CAPABLE",
                  "SEV_LIVE_MIGRATABLE",
                  "SEV_LIVE_MIGRATABLE_V2",
                  "IDPF",
                  "UEFI_COMPATIBLE",
                  "GVNIC"
                ],
                "initialize_params": [
                  {
                    "architecture": "X86_64",
                    "enable_confidential_compute": false,
                    "image": "https://www.googleapis.com/compute/v1/projects/ubuntu-os-cloud/global/images/ubuntu-2004-focal-v20250508a",
                    "labels": {},
                    "provisioned_iops": 0,
                    "provisioned_throughput": 0,
                    "resource_manager_tags": {},
                    "resource_policies": [],
                    "size": 10,
                    "snapshot": "",
                    "source_image_encryption_key": [],
                    "source_snapshot_encryption_key": [],
                    "storage_pool": "",
                    "type": "pd-standard"
                  }
                ],
                "interface": "",
                "kms_key_self_link": "",
                "mode": "READ_WRITE",
                "source": "https://www.googleapis.com/compute/v1/projects/root-fort-451407-c0/zones/asia-southeast1-a/disks/cicd-instance-2"
              }
            ],
            "can_ip_forward": false,
            "confidential_instance_config": [],
            "cpu_platform": "Intel Broadwell",
            "creation_timestamp": "2025-05-15T12:28:09.868-07:00",
            "current_status": "RUNNING",
            "deletion_protection": false,
            "description": "",
            "desired_status": null,
            "effective_labels": {
              "goog-terraform-provisioned": "true"
            },
            "enable_display": false,
            "guest_accelerator": [],
            "hostname": "",
            "id": "projects/root-fort-451407-c0/zones/asia-southeast1-a/instances/cicd-instance-2",
            "instance_encryption_key": [],
            "instance_id": "1801917875280936614",
            "key_revocation_action_type": "",
            "label_fingerprint": "vezUS-42LLM=",
            "labels": {},
            "machine_type": "e2-medium",
            "metadata": {
              "ssh_key": "terrform:ssh-rsa AAAAB3NzaC1yc2EAAAADAQABAAABgQDBShfjJhjUxmE02Fb87bR7srrPdDxidu5W5Rb4nZrisul8kUqo5DVqst9KYJpZQSTVYdiFFYfwusIPEej0M06NiJhKsVf/8AlmdN6koqgVYcd9e+t3rEsHYWph5C6AEWIZqUx8CIIAuM1u+IPmiWCOiVCb30kTQoXXyVAauNU6+wtMseMjQ0hER9EYaweocUGzzOLEuvlArYgdrYhVgIYfFyhFv3+jnVOIu6ek8mU0RaVf9v3NaXZjrOMXHvHXQI0su1O+imvCVE8q9qxpzEO8BfJIc4jp5IUKojhIyCtb8YrlFkEp7CXQK+W8C6FewZVgYJX3sQqmoZFIMWrtoiZ7HtH4sLbflU+s6v0t428Us9tVawBihotGba+ctvch4i6n9yLTz82Cuktl8YCCWABh0fK22q5RiHSAQ/HxPLC6CJOisH3s/fwJoIgWPloYHz4OZieYZx8yY/SL/Mj5VFt2axFzILYuQ9dX60xzwmvYgnqLgkuNg7FbGKmcwWMtEMs= imshakil@Mobaraks-MacBook-Pro.local\n"
            },
            "metadata_fingerprint": "sYT-NmXjges=",
            "metadata_startup_script": null,
            "min_cpu_platform": "",
            "name": "cicd-instance-2",
            "network_interface": [
              {
                "access_config": [
                  {
                    "nat_ip": "34.87.104.39",
                    "network_tier": "PREMIUM",
                    "public_ptr_domain_name": ""
                  }
                ],
                "alias_ip_range": [],
                "internal_ipv6_prefix_length": 0,
                "ipv6_access_config": [],
                "ipv6_access_type": "",
                "ipv6_address": "",
                "name": "nic0",
                "network": "https://www.googleapis.com/compute/v1/projects/root-fort-451407-c0/global/networks/vpc-iac",
                "network_attachment": "",
                "network_ip": "10.10.0.3",
                "nic_type": "",
                "queue_count": 0,
                "stack_type": "IPV4_ONLY",
                "subnetwork": "https://www.googleapis.com/compute/v1/projects/root-fort-451407-c0/regions/asia-southeast1/subnetworks/vpc-iac-subnet",
                "subnetwork_project": "root-fort-451407-c0"
              }
            ],
            "network_performance_config": [],
            "params": [],
            "project": "root-fort-451407-c0",
            "reservation_affinity": [],
            "resource_policies": [],
            "scheduling": [
              {
                "automatic_restart": true,
                "availability_domain": 0,
                "instance_termination_action": "",
                "local_ssd_recovery_timeout": [],
                "max_run_duration": [],
                "min_node_cpus": 0,
                "node_affinities": [],
                "on_host_maintenance": "MIGRATE",
                "on_instance_stop_action": [],
                "preemptible": false,
                "provisioning_model": "STANDARD",
                "termination_time": ""
              }
            ],
            "scratch_disk": [],
            "self_link": "https://www.googleapis.com/compute/v1/projects/root-fort-451407-c0/zones/asia-southeast1-a/instances/cicd-instance-2",
            "service_account": [],
            "shielded_instance_config": [
              {
                "enable_integrity_monitoring": true,
                "enable_secure_boot": false,
                "enable_vtpm": true
              }
            ],
            "tags": [
              "jenkins"
            ],
            "tags_fingerprint": "4l7--0t2PzY=",
            "terraform_labels": {
              "goog-terraform-provisioned": "true"
            },
            "timeouts": null,
            "zone": "asia-southeast1-a"
          },
          "sensitive_attributes": [
            [
              {
                "type": "get_attr",
                "value": "boot_disk"
              },
              {
                "type": "index",
                "value": {
                  "value": 0,
                  "type": "number"
                }
              },
              {
                "type": "get_attr",
                "value": "disk_encryption_key_raw"
              }
            ],
            [
              {
                "type": "get_attr",
                "value": "boot_disk"
              },
              {
                "type": "index",
                "value": {
                  "value": 0,
                  "type": "number"
                }
              },
              {
                "type": "get_attr",
                "value": "disk_encryption_key_rsa"
              }
            ]
          ],
          "private": "eyJlMmJmYjczMC1lY2FhLTExZTYtOGY4OC0zNDM2M2JjN2M0YzAiOnsiY3JlYXRlIjoxMjAwMDAwMDAwMDAwLCJkZWxldGUiOjEyMDAwMDAwMDAwMDAsInVwZGF0ZSI6MTIwMDAwMDAwMDAwMH0sInNjaGVtYV92ZXJzaW9uIjoiNiJ9",
          "dependencies": [
            "google_compute_network.vpc-iac",
            "google_compute_subnetwork.vpc-iac-subnet"
          ]
        }
      ]
    },
    {
      "mode": "managed",
      "type": "google_compute_network",
      "name": "vpc-iac",
      "provider": "provider[\"registry.terraform.io/hashicorp/google\"]",
      "instances": [
        {
          "schema_version": 0,
          "attributes": {
            "auto_create_subnetworks": false,
            "bgp_always_compare_med": false,
            "bgp_best_path_selection_mode": "LEGACY",
            "bgp_inter_region_cost": "",
            "delete_default_routes_on_create": false,
            "description": "",
            "enable_ula_internal_ipv6": false,
            "gateway_ipv4": "",
            "id": "projects/root-fort-451407-c0/global/networks/vpc-iac",
            "internal_ipv6_range": "",
            "mtu": 0,
            "name": "vpc-iac",
            "network_firewall_policy_enforcement_order": "AFTER_CLASSIC_FIREWALL",
            "network_id": "5866935212118343822",
            "network_profile": "",
            "numeric_id": "5866935212118343822",
            "project": "root-fort-451407-c0",
            "routing_mode": "REGIONAL",
            "self_link": "https://www.googleapis.com/compute/v1/projects/root-fort-451407-c0/global/networks/vpc-iac",
            "timeouts": null
          },
          "sensitive_attributes": [],
          "private": "eyJlMmJmYjczMC1lY2FhLTExZTYtOGY4OC0zNDM2M2JjN2M0YzAiOnsiY3JlYXRlIjoxMjAwMDAwMDAwMDAwLCJkZWxldGUiOjEyMDAwMDAwMDAwMDAsInVwZGF0ZSI6MTIwMDAwMDAwMDAwMH19"
        }
      ]
    },
    {
      "mode": "managed",
      "type": "google_compute_subnetwork",
      "name": "vpc-iac-subnet",
      "provider": "provider[\"registry.terraform.io/hashicorp/google\"]",
      "instances": [
        {
          "schema_version": 0,
          "attributes": {
            "creation_timestamp": "2025-05-15T12:21:59.234-07:00",
            "description": "",
            "enable_flow_logs": false,
            "external_ipv6_prefix": "",
            "fingerprint": null,
            "gateway_address": "10.10.0.1",
            "id": "projects/root-fort-451407-c0/regions/asia-southeast1/subnetworks/vpc-iac-subnet",
            "internal_ipv6_prefix": "",
            "ip_cidr_range": "10.10.0.0/16",
            "ip_collection": null,
            "ipv6_access_type": "",
            "ipv6_cidr_range": "",
            "ipv6_gce_endpoint": "",
            "log_config": [],
            "name": "vpc-iac-subnet",
            "network": "https://www.googleapis.com/compute/v1/projects/root-fort-451407-c0/global/networks/vpc-iac",
            "private_ip_google_access": false,
            "private_ipv6_google_access": "DISABLE_GOOGLE_ACCESS",
            "project": "root-fort-451407-c0",
            "purpose": "PRIVATE",
            "region": "asia-southeast1",
            "reserved_internal_range": "",
            "role": "",
            "secondary_ip_range": [],
            "self_link": "https://www.googleapis.com/compute/v1/projects/root-fort-451407-c0/regions/asia-southeast1/subnetworks/vpc-iac-subnet",
            "send_secondary_ip_range_if_empty": null,
            "stack_type": "IPV4_ONLY",
            "state": "",
            "subnetwork_id": 7781586080252002360,
            "timeouts": null
          },
          "sensitive_attributes": [],
          "private": "eyJlMmJmYjczMC1lY2FhLTExZTYtOGY4OC0zNDM2M2JjN2M0YzAiOnsiY3JlYXRlIjoxMjAwMDAwMDAwMDAwLCJkZWxldGUiOjEyMDAwMDAwMDAwMDAsInVwZGF0ZSI6MTIwMDAwMDAwMDAwMH19",
          "dependencies": [
            "google_compute_network.vpc-iac"
          ]
        }
      ]
    }
  ],
  "check_results": null
}
